<?xml version="1.0" encoding="utf-8"?>
<Project ToolsVersion="4.0" xmlns="http://schemas.microsoft.com/developer/msbuild/2003">
  <ItemGroup>
    <Filter Include="src">
      <UniqueIdentifier>{4a8b990a-83cd-4238-8577-60bccee24c42}</UniqueIdentifier>
    </Filter>
  </ItemGroup>
  <ItemGroup>
    <ClInclude Include="src\Parser.h">
      <Filter>src</Filter>
    </ClInclude>
    <ClInclude Include="src\Tokenizer.h">
      <Filter>src</Filter>
    </ClInclude>
    <ClInclude Include="src\common.h">
      <Filter>src</Filter>
    </ClInclude>
    <ClInclude Include="src\PatternsFileProcessor.h">
      <Filter>src</Filter>
    </ClInclude>
    <ClInclude Include="src\ErrorProcessor.h">
      <Filter>src</Filter>
    </ClInclude>
    <ClInclude Include="src\SharedFileLine.h">
      <Filter>src</Filter>
    </ClInclude>
    <ClInclude Include="src\Tools.h">
      <Filter>src</Filter>
    </ClInclude>
    <ClInclude Include="src\Configuration.h">
      <Filter>src</Filter>
    </ClInclude>
    <ClInclude Include="src\Pattern.h">
      <Filter>src</Filter>
    </ClInclude>
    <ClInclude Include="src\TranspositionSupport.h">
      <Filter>src</Filter>
    </ClInclude>
    <ClInclude Include="src\PatternMatcher.h">
      <Filter>src</Filter>
    </ClInclude>
  </ItemGroup>
  <ItemGroup>
    <ClCompile Include="src\main.cpp">
      <Filter>src</Filter>
    </ClCompile>
    <ClCompile Include="src\Parser.cpp">
      <Filter>src</Filter>
    </ClCompile>
    <ClCompile Include="src\Tokenizer.cpp">
      <Filter>src</Filter>
    </ClCompile>
    <ClCompile Include="src\PatternsFileProcessor.cpp">
      <Filter>src</Filter>
    </ClCompile>
    <ClCompile Include="src\ErrorProcessor.cpp">
      <Filter>src</Filter>
    </ClCompile>
    <ClCompile Include="src\Tools.cpp">
      <Filter>src</Filter>
    </ClCompile>
    <ClCompile Include="src\Configuration.cpp">
      <Filter>src</Filter>
    </ClCompile>
    <ClCompile Include="src\Matcher.cpp">
      <Filter>src</Filter>
    </ClCompile>
    <ClCompile Include="src\Pattern.cpp">
      <Filter>src</Filter>
    </ClCompile>
    <ClCompile Include="src\TranspositionSupport.cpp">
      <Filter>src</Filter>
    </ClCompile>
    <ClCompile Include="src\PatternMatcher.cpp">
      <Filter>src</Filter>
    </ClCompile>
  </ItemGroup>
</Project>