<?xml version="1.0" encoding="utf-8"?>
<Project ToolsVersion="4.0" xmlns="http://schemas.microsoft.com/developer/msbuild/2003">
  <ItemGroup>
    <Filter Include="Src">
      <UniqueIdentifier>{c0d5ffe0-b2ca-4365-b153-087034ca5404}</UniqueIdentifier>
    </Filter>
  </ItemGroup>
  <ItemGroup>
    <ClCompile Include="Src\main.cpp">
      <Filter>Src</Filter>
    </ClCompile>
    <ClCompile Include="Src\Tokenizer.cpp">
      <Filter>Src</Filter>
    </ClCompile>
  </ItemGroup>
  <ItemGroup>
    <ClInclude Include="Src\Tokenizer.h">
      <Filter>Src</Filter>
    </ClInclude>
    <ClInclude Include="Src\CommonStd.h">
      <Filter>Src</Filter>
    </ClInclude>
  </ItemGroup>
</Project>